
Microsoft Visual Studio Solution File, Format Version 12.00
# Visual Studio Version 16
VisualStudioVersion = 16.0.30413.136
MinimumVisualStudioVersion = 10.0.40219.1
Project("{FAE04EC0-301F-11D3-BF4B-00C04F79EFBC}") = "ChessApp", "ChessApp\ChessApp.csproj", "{1C1CCD7B-1FDE-43C0-807A-A82583565AC8}"
EndProject
Global
	GlobalSection(SolutionConfigurationPlatforms) = preSolution
		Debug|Any CPU = Debug|Any CPU
		Release|Any CPU = Release|Any CPU
	EndGlobalSection
	GlobalSection(ProjectConfigurationPlatforms) = postSolution
		{1C1CCD7B-1FDE-43C0-807A-A82583565AC8}.Debug|Any CPU.ActiveCfg = Debug|Any CPU
		{1C1CCD7B-1FDE-43C0-807A-A82583565AC8}.Debug|Any CPU.Build.0 = Debug|Any CPU
		{1C1CCD7B-1FDE-43C0-807A-A82583565AC8}.Release|Any CPU.ActiveCfg = Release|Any CPU
		{1C1CCD7B-1FDE-43C0-807A-A82583565AC8}.Release|Any CPU.Build.0 = Release|Any CPU
	EndGlobalSection
	GlobalSection(SolutionProperties) = preSolution
		HideSolutionNode = FALSE
	EndGlobalSection
	GlobalSection(ExtensibilityGlobals) = postSolution
		SolutionGuid = {ACCFC2EB-D43C-4C42-9C6C-8E3DF7536798}
	EndGlobalSection
EndGlobal
